// !$*UTF8*$!
{
	archiveVersion = 1;
	classes = {
	};
	objectVersion = 46;
	objects = {

/* Begin PBXBuildFile section */
		E5CAE3E31AE4754E001AB4AA /* sw.m4a in Resources */ = {isa = PBXBuildFile; fileRef = E5CAE3E21AE472A0001AB4AA /* sw.m4a */; };
		E5E8611B1AE3B1A0000AA308 /* AppDelegate.swift in Sources */ = {isa = PBXBuildFile; fileRef = E5E8611A1AE3B1A0000AA308 /* AppDelegate.swift */; };
		E5E861201AE3B1A0000AA308 /* Main.storyboard in Resources */ = {isa = PBXBuildFile; fileRef = E5E8611E1AE3B1A0000AA308 /* Main.storyboard */; };
		E5E861221AE3B1A0000AA308 /* Images.xcassets in Resources */ = {isa = PBXBuildFile; fileRef = E5E861211AE3B1A0000AA308 /* Images.xcassets */; };
		E5E861251AE3B1A0000AA308 /* LaunchScreen.xib in Resources */ = {isa = PBXBuildFile; fileRef = E5E861231AE3B1A0000AA308 /* LaunchScreen.xib */; };
		E5E861311AE3B1A0000AA308 /* MauvaisePluieTests.swift in Sources */ = {isa = PBXBuildFile; fileRef = E5E861301AE3B1A0000AA308 /* MauvaisePluieTests.swift */; };
		E5E861441AE3B292000AA308 /* HighScore.swift in Sources */ = {isa = PBXBuildFile; fileRef = E5E8613B1AE3B292000AA308 /* HighScore.swift */; };
		E5E861451AE3B292000AA308 /* HighScoreManager.swift in Sources */ = {isa = PBXBuildFile; fileRef = E5E8613C1AE3B292000AA308 /* HighScoreManager.swift */; };
		E5E861461AE3B292000AA308 /* JeuUIDyViewController.swift in Sources */ = {isa = PBXBuildFile; fileRef = E5E8613D1AE3B292000AA308 /* JeuUIDyViewController.swift */; };
		E5E861471AE3B292000AA308 /* JeuViewController.swift in Sources */ = {isa = PBXBuildFile; fileRef = E5E8613E1AE3B292000AA308 /* JeuViewController.swift */; };
		E5E861481AE3B292000AA308 /* MauvaisePluieModel.swift in Sources */ = {isa = PBXBuildFile; fileRef = E5E8613F1AE3B292000AA308 /* MauvaisePluieModel.swift */; };
		E5E861491AE3B292000AA308 /* MauvaisePluieViewController.swift in Sources */ = {isa = PBXBuildFile; fileRef = E5E861401AE3B292000AA308 /* MauvaisePluieViewController.swift */; };
		E5E8614A1AE3B292000AA308 /* PlayerBehavior.swift in Sources */ = {isa = PBXBuildFile; fileRef = E5E861411AE3B292000AA308 /* PlayerBehavior.swift */; };
		E5E8614B1AE3B292000AA308 /* PreferencesViewController.swift in Sources */ = {isa = PBXBuildFile; fileRef = E5E861421AE3B292000AA308 /* PreferencesViewController.swift */; };
		E5E8614C1AE3B292000AA308 /* ScoreViewController.swift in Sources */ = {isa = PBXBuildFile; fileRef = E5E861431AE3B292000AA308 /* ScoreViewController.swift */; };
/* End PBXBuildFile section */

/* Begin PBXContainerItemProxy section */
		E5E8612B1AE3B1A0000AA308 /* PBXContainerItemProxy */ = {
			isa = PBXContainerItemProxy;
			containerPortal = E5E8610D1AE3B1A0000AA308 /* Project object */;
			proxyType = 1;
			remoteGlobalIDString = E5E861141AE3B1A0000AA308;
			remoteInfo = MauvaisePluie;
		};
/* End PBXContainerItemProxy section */

/* Begin PBXFileReference section */
		E5CAE3E21AE472A0001AB4AA /* sw.m4a */ = {isa = PBXFileReference; lastKnownFileType = file; path = sw.m4a; sourceTree = "<group>"; };
		E5E861151AE3B1A0000AA308 /* MauvaisePluie.app */ = {isa = PBXFileReference; explicitFileType = wrapper.application; includeInIndex = 0; path = MauvaisePluie.app; sourceTree = BUILT_PRODUCTS_DIR; };
		E5E861191AE3B1A0000AA308 /* Info.plist */ = {isa = PBXFileReference; lastKnownFileType = text.plist.xml; path = Info.plist; sourceTree = "<group>"; };
		E5E8611A1AE3B1A0000AA308 /* AppDelegate.swift */ = {isa = PBXFileReference; lastKnownFileType = sourcecode.swift; path = AppDelegate.swift; sourceTree = "<group>"; };
		E5E8611F1AE3B1A0000AA308 /* Base */ = {isa = PBXFileReference; lastKnownFileType = file.storyboard; name = Base; path = Base.lproj/Main.storyboard; sourceTree = "<group>"; };
		E5E861211AE3B1A0000AA308 /* Images.xcassets */ = {isa = PBXFileReference; lastKnownFileType = folder.assetcatalog; path = Images.xcassets; sourceTree = "<group>"; };
		E5E861241AE3B1A0000AA308 /* Base */ = {isa = PBXFileReference; lastKnownFileType = file.xib; name = Base; path = Base.lproj/LaunchScreen.xib; sourceTree = "<group>"; };
		E5E8612A1AE3B1A0000AA308 /* MauvaisePluieTests.xctest */ = {isa = PBXFileReference; explicitFileType = wrapper.cfbundle; includeInIndex = 0; path = MauvaisePluieTests.xctest; sourceTree = BUILT_PRODUCTS_DIR; };
		E5E8612F1AE3B1A0000AA308 /* Info.plist */ = {isa = PBXFileReference; lastKnownFileType = text.plist.xml; path = Info.plist; sourceTree = "<group>"; };
		E5E861301AE3B1A0000AA308 /* MauvaisePluieTests.swift */ = {isa = PBXFileReference; lastKnownFileType = sourcecode.swift; path = MauvaisePluieTests.swift; sourceTree = "<group>"; };
		E5E8613B1AE3B292000AA308 /* HighScore.swift */ = {isa = PBXFileReference; fileEncoding = 4; lastKnownFileType = sourcecode.swift; path = HighScore.swift; sourceTree = "<group>"; };
		E5E8613C1AE3B292000AA308 /* HighScoreManager.swift */ = {isa = PBXFileReference; fileEncoding = 4; lastKnownFileType = sourcecode.swift; path = HighScoreManager.swift; sourceTree = "<group>"; };
		E5E8613D1AE3B292000AA308 /* JeuUIDyViewController.swift */ = {isa = PBXFileReference; fileEncoding = 4; lastKnownFileType = sourcecode.swift; path = JeuUIDyViewController.swift; sourceTree = "<group>"; };
		E5E8613E1AE3B292000AA308 /* JeuViewController.swift */ = {isa = PBXFileReference; fileEncoding = 4; lastKnownFileType = sourcecode.swift; path = JeuViewController.swift; sourceTree = "<group>"; };
		E5E8613F1AE3B292000AA308 /* MauvaisePluieModel.swift */ = {isa = PBXFileReference; fileEncoding = 4; lastKnownFileType = sourcecode.swift; path = MauvaisePluieModel.swift; sourceTree = "<group>"; };
		E5E861401AE3B292000AA308 /* MauvaisePluieViewController.swift */ = {isa = PBXFileReference; fileEncoding = 4; lastKnownFileType = sourcecode.swift; path = MauvaisePluieViewController.swift; sourceTree = "<group>"; };
		E5E861411AE3B292000AA308 /* PlayerBehavior.swift */ = {isa = PBXFileReference; fileEncoding = 4; lastKnownFileType = sourcecode.swift; path = PlayerBehavior.swift; sourceTree = "<group>"; };
		E5E861421AE3B292000AA308 /* PreferencesViewController.swift */ = {isa = PBXFileReference; fileEncoding = 4; lastKnownFileType = sourcecode.swift; path = PreferencesViewController.swift; sourceTree = "<group>"; };
		E5E861431AE3B292000AA308 /* ScoreViewController.swift */ = {isa = PBXFileReference; fileEncoding = 4; lastKnownFileType = sourcecode.swift; path = ScoreViewController.swift; sourceTree = "<group>"; };
/* End PBXFileReference section */

/* Begin PBXFrameworksBuildPhase section */
		E5E861121AE3B1A0000AA308 /* Frameworks */ = {
			isa = PBXFrameworksBuildPhase;
			buildActionMask = 2147483647;
			files = (
			);
			runOnlyForDeploymentPostprocessing = 0;
		};
		E5E861271AE3B1A0000AA308 /* Frameworks */ = {
			isa = PBXFrameworksBuildPhase;
			buildActionMask = 2147483647;
			files = (
			);
			runOnlyForDeploymentPostprocessing = 0;
		};
/* End PBXFrameworksBuildPhase section */

/* Begin PBXGroup section */
		E5E8610C1AE3B1A0000AA308 = {
			isa = PBXGroup;
			children = (
				E5E861171AE3B1A0000AA308 /* MauvaisePluie */,
				E5E8612D1AE3B1A0000AA308 /* MauvaisePluieTests */,
				E5E861161AE3B1A0000AA308 /* Products */,
			);
			sourceTree = "<group>";
		};
		E5E861161AE3B1A0000AA308 /* Products */ = {
			isa = PBXGroup;
			children = (
				E5E861151AE3B1A0000AA308 /* MauvaisePluie.app */,
				E5E8612A1AE3B1A0000AA308 /* MauvaisePluieTests.xctest */,
			);
			name = Products;
			sourceTree = "<group>";
		};
		E5E861171AE3B1A0000AA308 /* MauvaisePluie */ = {
			isa = PBXGroup;
			children = (
				E5E8613B1AE3B292000AA308 /* HighScore.swift */,
				E5E8613C1AE3B292000AA308 /* HighScoreManager.swift */,
				E5E8613D1AE3B292000AA308 /* JeuUIDyViewController.swift */,
				E5E8613E1AE3B292000AA308 /* JeuViewController.swift */,
				E5E8613F1AE3B292000AA308 /* MauvaisePluieModel.swift */,
				E5E861401AE3B292000AA308 /* MauvaisePluieViewController.swift */,
				E5E861411AE3B292000AA308 /* PlayerBehavior.swift */,
				E5E861421AE3B292000AA308 /* PreferencesViewController.swift */,
				E5E861431AE3B292000AA308 /* ScoreViewController.swift */,
				E5E8611E1AE3B1A0000AA308 /* Main.storyboard */,
				E5E861181AE3B1A0000AA308 /* Supporting Files */,
			);
			path = MauvaisePluie;
			sourceTree = "<group>";
		};
		E5E861181AE3B1A0000AA308 /* Supporting Files */ = {
			isa = PBXGroup;
			children = (
				E5E8611A1AE3B1A0000AA308 /* AppDelegate.swift */,
				E5CAE3E21AE472A0001AB4AA /* sw.m4a */,
				E5E861211AE3B1A0000AA308 /* Images.xcassets */,
				E5E861231AE3B1A0000AA308 /* LaunchScreen.xib */,
				E5E861191AE3B1A0000AA308 /* Info.plist */,
			);
			name = "Supporting Files";
			sourceTree = "<group>";
		};
		E5E8612D1AE3B1A0000AA308 /* MauvaisePluieTests */ = {
			isa = PBXGroup;
			children = (
				E5E861301AE3B1A0000AA308 /* MauvaisePluieTests.swift */,
				E5E8612E1AE3B1A0000AA308 /* Supporting Files */,
			);
			path = MauvaisePluieTests;
			sourceTree = "<group>";
		};
		E5E8612E1AE3B1A0000AA308 /* Supporting Files */ = {
			isa = PBXGroup;
			children = (
				E5E8612F1AE3B1A0000AA308 /* Info.plist */,
			);
			name = "Supporting Files";
			sourceTree = "<group>";
		};
/* End PBXGroup section */

/* Begin PBXNativeTarget section */
		E5E861141AE3B1A0000AA308 /* MauvaisePluie */ = {
			isa = PBXNativeTarget;
			buildConfigurationList = E5E861341AE3B1A0000AA308 /* Build configuration list for PBXNativeTarget "MauvaisePluie" */;
			buildPhases = (
				E5E861111AE3B1A0000AA308 /* Sources */,
				E5E861121AE3B1A0000AA308 /* Frameworks */,
				E5E861131AE3B1A0000AA308 /* Resources */,
			);
			buildRules = (
			);
			dependencies = (
			);
			name = MauvaisePluie;
			productName = MauvaisePluie;
			productReference = E5E861151AE3B1A0000AA308 /* MauvaisePluie.app */;
			productType = "com.apple.product-type.application";
		};
		E5E861291AE3B1A0000AA308 /* MauvaisePluieTests */ = {
			isa = PBXNativeTarget;
			buildConfigurationList = E5E861371AE3B1A0000AA308 /* Build configuration list for PBXNativeTarget "MauvaisePluieTests" */;
			buildPhases = (
				E5E861261AE3B1A0000AA308 /* Sources */,
				E5E861271AE3B1A0000AA308 /* Frameworks */,
				E5E861281AE3B1A0000AA308 /* Resources */,
			);
			buildRules = (
			);
			dependencies = (
				E5E8612C1AE3B1A0000AA308 /* PBXTargetDependency */,
			);
			name = MauvaisePluieTests;
			productName = MauvaisePluieTests;
			productReference = E5E8612A1AE3B1A0000AA308 /* MauvaisePluieTests.xctest */;
			productType = "com.apple.product-type.bundle.unit-test";
		};
/* End PBXNativeTarget section */

/* Begin PBXProject section */
		E5E8610D1AE3B1A0000AA308 /* Project object */ = {
			isa = PBXProject;
			attributes = {
				LastUpgradeCheck = 0630;
				ORGANIZATIONNAME = Razvan.net;
				TargetAttributes = {
					E5E861141AE3B1A0000AA308 = {
						CreatedOnToolsVersion = 6.3;
					};
					E5E861291AE3B1A0000AA308 = {
						CreatedOnToolsVersion = 6.3;
						TestTargetID = E5E861141AE3B1A0000AA308;
					};
				};
			};
			buildConfigurationList = E5E861101AE3B1A0000AA308 /* Build configuration list for PBXProject "MauvaisePluie" */;
			compatibilityVersion = "Xcode 3.2";
			developmentRegion = English;
			hasScannedForEncodings = 0;
			knownRegions = (
				en,
				Base,
			);
			mainGroup = E5E8610C1AE3B1A0000AA308;
			productRefGroup = E5E861161AE3B1A0000AA308 /* Products */;
			projectDirPath = "";
			projectRoot = "";
			targets = (
				E5E861141AE3B1A0000AA308 /* MauvaisePluie */,
				E5E861291AE3B1A0000AA308 /* MauvaisePluieTests */,
			);
		};
/* End PBXProject section */

/* Begin PBXResourcesBuildPhase section */
		E5E861131AE3B1A0000AA308 /* Resources */ = {
			isa = PBXResourcesBuildPhase;
			buildActionMask = 2147483647;
			files = (
				E5CAE3E31AE4754E001AB4AA /* sw.m4a in Resources */,
				E5E861201AE3B1A0000AA308 /* Main.storyboard in Resources */,
				E5E861251AE3B1A0000AA308 /* LaunchScreen.xib in Resources */,
				E5E861221AE3B1A0000AA308 /* Images.xcassets in Resources */,
			);
			runOnlyForDeploymentPostprocessing = 0;
		};
		E5E861281AE3B1A0000AA308 /* Resources */ = {
			isa = PBXResourcesBuildPhase;
			buildActionMask = 2147483647;
			files = (
			);
			runOnlyForDeploymentPostprocessing = 0;
		};
/* End PBXResourcesBuildPhase section */

/* Begin PBXSourcesBuildPhase section */
		E5E861111AE3B1A0000AA308 /* Sources */ = {
			isa = PBXSourcesBuildPhase;
			buildActionMask = 2147483647;
			files = (
				E5E861451AE3B292000AA308 /* HighScoreManager.swift in Sources */,
				E5E8614C1AE3B292000AA308 /* ScoreViewController.swift in Sources */,
				E5E861461AE3B292000AA308 /* JeuUIDyViewController.swift in Sources */,
				E5E861441AE3B292000AA308 /* HighScore.swift in Sources */,
				E5E861481AE3B292000AA308 /* MauvaisePluieModel.swift in Sources */,
				E5E8614B1AE3B292000AA308 /* PreferencesViewController.swift in Sources */,
				E5E8611B1AE3B1A0000AA308 /* AppDelegate.swift in Sources */,
				E5E861471AE3B292000AA308 /* JeuViewController.swift in Sources */,
				E5E861491AE3B292000AA308 /* MauvaisePluieViewController.swift in Sources */,
				E5E8614A1AE3B292000AA308 /* PlayerBehavior.swift in Sources */,
			);
			runOnlyForDeploymentPostprocessing = 0;
		};
		E5E861261AE3B1A0000AA308 /* Sources */ = {
			isa = PBXSourcesBuildPhase;
			buildActionMask = 2147483647;
			files = (
				E5E861311AE3B1A0000AA308 /* MauvaisePluieTests.swift in Sources */,
			);
			runOnlyForDeploymentPostprocessing = 0;
		};
/* End PBXSourcesBuildPhase section */

/* Begin PBXTargetDependency section */
		E5E8612C1AE3B1A0000AA308 /* PBXTargetDependency */ = {
			isa = PBXTargetDependency;
			target = E5E861141AE3B1A0000AA308 /* MauvaisePluie */;
			targetProxy = E5E8612B1AE3B1A0000AA308 /* PBXContainerItemProxy */;
		};
/* End PBXTargetDependency section */

/* Begin PBXVariantGroup section */
		E5E8611E1AE3B1A0000AA308 /* Main.storyboard */ = {
			isa = PBXVariantGroup;
			children = (
				E5E8611F1AE3B1A0000AA308 /* Base */,
			);
			name = Main.storyboard;
			sourceTree = "<group>";
		};
		E5E861231AE3B1A0000AA308 /* LaunchScreen.xib */ = {
			isa = PBXVariantGroup;
			children = (
				E5E861241AE3B1A0000AA308 /* Base */,
			);
			name = LaunchScreen.xib;
			sourceTree = "<group>";
		};
/* End PBXVariantGroup section */

/* Begin XCBuildConfiguration section */
		E5E861321AE3B1A0000AA308 /* Debug */ = {
			isa = XCBuildConfiguration;
			buildSettings = {
				ALWAYS_SEARCH_USER_PATHS = NO;
				CLANG_CXX_LANGUAGE_STANDARD = "gnu++0x";
				CLANG_CXX_LIBRARY = "libc++";
				CLANG_ENABLE_MODULES = YES;
				CLANG_ENABLE_OBJC_ARC = YES;
				CLANG_WARN_BOOL_CONVERSION = YES;
				CLANG_WARN_CONSTANT_CONVERSION = YES;
				CLANG_WARN_DIRECT_OBJC_ISA_USAGE = YES_ERROR;
				CLANG_WARN_EMPTY_BODY = YES;
				CLANG_WARN_ENUM_CONVERSION = YES;
				CLANG_WARN_INT_CONVERSION = YES;
				CLANG_WARN_OBJC_ROOT_CLASS = YES_ERROR;
				CLANG_WARN_UNREACHABLE_CODE = YES;
				CLANG_WARN__DUPLICATE_METHOD_MATCH = YES;
				"CODE_SIGN_IDENTITY[sdk=iphoneos*]" = "iPhone Developer";
				COPY_PHASE_STRIP = NO;
				DEBUG_INFORMATION_FORMAT = "dwarf-with-dsym";
				ENABLE_STRICT_OBJC_MSGSEND = YES;
				GCC_C_LANGUAGE_STANDARD = gnu99;
				GCC_DYNAMIC_NO_PIC = NO;
				GCC_NO_COMMON_BLOCKS = YES;
				GCC_OPTIMIZATION_LEVEL = 0;
				GCC_PREPROCESSOR_DEFINITIONS = (
					"DEBUG=1",
					"$(inherited)",
				);
				GCC_SYMBOLS_PRIVATE_EXTERN = NO;
				GCC_WARN_64_TO_32_BIT_CONVERSION = YES;
				GCC_WARN_ABOUT_RETURN_TYPE = YES_ERROR;
				GCC_WARN_UNDECLARED_SELECTOR = YES;
				GCC_WARN_UNINITIALIZED_AUTOS = YES_AGGRESSIVE;
				GCC_WARN_UNUSED_FUNCTION = YES;
				GCC_WARN_UNUSED_VARIABLE = YES;
				IPHONEOS_DEPLOYMENT_TARGET = 8.3;
				MTL_ENABLE_DEBUG_INFO = YES;
				ONLY_ACTIVE_ARCH = YES;
				SDKROOT = iphoneos;
				SWIFT_OPTIMIZATION_LEVEL = "-Onone";
				TARGETED_DEVICE_FAMILY = "1,2";
			};
			name = Debug;
		};
		E5E861331AE3B1A0000AA308 /* Release */ = {
			isa = XCBuildConfiguration;
			buildSettings = {
				ALWAYS_SEARCH_USER_PATHS = NO;
				CLANG_CXX_LANGUAGE_STANDARD = "gnu++0x";
				CLANG_CXX_LIBRARY = "libc++";
				CLANG_ENABLE_MODULES = YES;
				CLANG_ENABLE_OBJC_ARC = YES;
				CLANG_WARN_BOOL_CONVERSION = YES;
				CLANG_WARN_CONSTANT_CONVERSION = YES;
				CLANG_WARN_DIRECT_OBJC_ISA_USAGE = YES_ERROR;
				CLANG_WARN_EMPTY_BODY = YES;
				CLANG_WARN_ENUM_CONVERSION = YES;
				CLANG_WARN_INT_CONVERSION = YES;
				CLANG_WARN_OBJC_ROOT_CLASS = YES_ERROR;
				CLANG_WARN_UNREACHABLE_CODE = YES;
				CLANG_WARN__DUPLICATE_METHOD_MATCH = YES;
				"CODE_SIGN_IDENTITY[sdk=iphoneos*]" = "iPhone Developer";
				COPY_PHASE_STRIP = NO;
				DEBUG_INFORMATION_FORMAT = "dwarf-with-dsym";
				ENABLE_NS_ASSERTIONS = NO;
				ENABLE_STRICT_OBJC_MSGSEND = YES;
				GCC_C_LANGUAGE_STANDARD = gnu99;
				GCC_NO_COMMON_BLOCKS = YES;
				GCC_WARN_64_TO_32_BIT_CONVERSION = YES;
				GCC_WARN_ABOUT_RETURN_TYPE = YES_ERROR;
				GCC_WARN_UNDECLARED_SELECTOR = YES;
				GCC_WARN_UNINITIALIZED_AUTOS = YES_AGGRESSIVE;
				GCC_WARN_UNUSED_FUNCTION = YES;
				GCC_WARN_UNUSED_VARIABLE = YES;
				IPHONEOS_DEPLOYMENT_TARGET = 8.3;
				MTL_ENABLE_DEBUG_INFO = NO;
				SDKROOT = iphoneos;
				TARGETED_DEVICE_FAMILY = "1,2";
				VALIDATE_PRODUCT = YES;
			};
			name = Release;
		};
		E5E861351AE3B1A0000AA308 /* Debug */ = {
			isa = XCBuildConfiguration;
			buildSettings = {
				ASSETCATALOG_COMPILER_APPICON_NAME = AppIcon;
				INFOPLIST_FILE = MauvaisePluie/Info.plist;
				LD_RUNPATH_SEARCH_PATHS = "$(inherited) @executable_path/Frameworks";
				PRODUCT_NAME = "$(TARGET_NAME)";
			};
			name = Debug;
		};
		E5E861361AE3B1A0000AA308 /* Release */ = {
			isa = XCBuildConfiguration;
			buildSettings = {
				ASSETCATALOG_COMPILER_APPICON_NAME = AppIcon;
				INFOPLIST_FILE = MauvaisePluie/Info.plist;
				LD_RUNPATH_SEARCH_PATHS = "$(inherited) @executable_path/Frameworks";
				PRODUCT_NAME = "$(TARGET_NAME)";
			};
			name = Release;
		};
		E5E861381AE3B1A0000AA308 /* Debug */ = {
			isa = XCBuildConfiguration;
			buildSettings = {
				BUNDLE_LOADER = "$(TEST_HOST)";
				FRAMEWORK_SEARCH_PATHS = (
					"$(SDKROOT)/Developer/Library/Frameworks",
					"$(inherited)",
				);
				GCC_PREPROCESSOR_DEFINITIONS = (
					"DEBUG=1",
					"$(inherited)",
				);
				INFOPLIST_FILE = MauvaisePluieTests/Info.plist;
				LD_RUNPATH_SEARCH_PATHS = "$(inherited) @executable_path/Frameworks @loader_path/Frameworks";
				PRODUCT_NAME = "$(TARGET_NAME)";
				TEST_HOST = "$(BUILT_PRODUCTS_DIR)/MauvaisePluie.app/MauvaisePluie";
			};
			name = Debug;
		};
		E5E861391AE3B1A0000AA308 /* Release */ = {
			isa = XCBuildConfiguration;
			buildSettings = {
				BUNDLE_LOADER = "$(TEST_HOST)";
				FRAMEWORK_SEARCH_PATHS = (
					"$(SDKROOT)/Developer/Library/Frameworks",
					"$(inherited)",
				);
				INFOPLIST_FILE = MauvaisePluieTests/Info.plist;
				LD_RUNPATH_SEARCH_PATHS = "$(inherited) @executable_path/Frameworks @loader_path/Frameworks";
				PRODUCT_NAME = "$(TARGET_NAME)";
				TEST_HOST = "$(BUILT_PRODUCTS_DIR)/MauvaisePluie.app/MauvaisePluie";
			};
			name = Release;
		};
/* End XCBuildConfiguration section */

/* Begin XCConfigurationList section */
		E5E861101AE3B1A0000AA308 /* Build configuration list for PBXProject "MauvaisePluie" */ = {
			isa = XCConfigurationList;
			buildConfigurations = (
				E5E861321AE3B1A0000AA308 /* Debug */,
				E5E861331AE3B1A0000AA308 /* Release */,
			);
			defaultConfigurationIsVisible = 0;
			defaultConfigurationName = Release;
		};
		E5E861341AE3B1A0000AA308 /* Build configuration list for PBXNativeTarget "MauvaisePluie" */ = {
			isa = XCConfigurationList;
			buildConfigurations = (
				E5E861351AE3B1A0000AA308 /* Debug */,
				E5E861361AE3B1A0000AA308 /* Release */,
			);
			defaultConfigurationIsVisible = 0;
			defaultConfigurationName = Release;
		};
		E5E861371AE3B1A0000AA308 /* Build configuration list for PBXNativeTarget "MauvaisePluieTests" */ = {
			isa = XCConfigurationList;
			buildConfigurations = (
				E5E861381AE3B1A0000AA308 /* Debug */,
				E5E861391AE3B1A0000AA308 /* Release */,
			);
			defaultConfigurationIsVisible = 0;
			defaultConfigurationName = Release;
		};
/* End XCConfigurationList section */
	};
	rootObject = E5E8610D1AE3B1A0000AA308 /* Project object */;
}
